
Microsoft Visual Studio Solution File, Format Version 12.00
# Visual Studio Version 17
VisualStudioVersion = 17.5.33424.131
MinimumVisualStudioVersion = 10.0.40219.1
Project("{FAE04EC0-301F-11D3-BF4B-00C04F79EFBC}") = "Deneme", "Deneme\Deneme.csproj", "{C19483AE-B835-4C54-ABCA-7B42C912088C}"
EndProject
Global
	GlobalSection(SolutionConfigurationPlatforms) = preSolution
		Debug|Any CPU = Debug|Any CPU
		Release|Any CPU = Release|Any CPU
	EndGlobalSection
	GlobalSection(ProjectConfigurationPlatforms) = postSolution
		{C19483AE-B835-4C54-ABCA-7B42C912088C}.Debug|Any CPU.ActiveCfg = Debug|Any CPU
		{C19483AE-B835-4C54-ABCA-7B42C912088C}.Debug|Any CPU.Build.0 = Debug|Any CPU
		{C19483AE-B835-4C54-ABCA-7B42C912088C}.Release|Any CPU.ActiveCfg = Release|Any CPU
		{C19483AE-B835-4C54-ABCA-7B42C912088C}.Release|Any CPU.Build.0 = Release|Any CPU
	EndGlobalSection
	GlobalSection(SolutionProperties) = preSolution
		HideSolutionNode = FALSE
	EndGlobalSection
	GlobalSection(ExtensibilityGlobals) = postSolution
		SolutionGuid = {0894DBCF-4E0C-4CF6-9926-2C536C3A18A9}
	EndGlobalSection
EndGlobal
